{
  "name": "timer-restrr",
  "version": "0.0.1",
  "lockfileVersion": 1,
  "requires": true,
  "dependencies": {
    "@types/node": {
      "version": "8.9.5",
      "dev": true
    },
    "cordova-plugin-navigationbar": {
      "version": "1.0.31",
      "resolved": "https://registry.npmjs.org/cordova-plugin-navigationbar/-/cordova-plugin-navigationbar-1.0.31.tgz",
      "integrity": "sha1-eFy+lSPpcTiq7bJtzSPMu8kcnPo="
    }
  }
}
